
Microsoft Visual Studio Solution File, Format Version 12.00
# Visual Studio Version 17
VisualStudioVersion = 17.6.33723.286
MinimumVisualStudioVersion = 10.0.40219.1
Project("{FAE04EC0-301F-11D3-BF4B-00C04F79EFBC}") = "API_Parcial3", "API_Parcial3\API_Parcial3.csproj", "{73193562-8E44-42A9-8E51-340A2018ECA2}"
EndProject
Global
	GlobalSection(SolutionConfigurationPlatforms) = preSolution
		Debug|Any CPU = Debug|Any CPU
		Release|Any CPU = Release|Any CPU
	EndGlobalSection
	GlobalSection(ProjectConfigurationPlatforms) = postSolution
		{73193562-8E44-42A9-8E51-340A2018ECA2}.Debug|Any CPU.ActiveCfg = Debug|Any CPU
		{73193562-8E44-42A9-8E51-340A2018ECA2}.Debug|Any CPU.Build.0 = Debug|Any CPU
		{73193562-8E44-42A9-8E51-340A2018ECA2}.Release|Any CPU.ActiveCfg = Release|Any CPU
		{73193562-8E44-42A9-8E51-340A2018ECA2}.Release|Any CPU.Build.0 = Release|Any CPU
	EndGlobalSection
	GlobalSection(SolutionProperties) = preSolution
		HideSolutionNode = FALSE
	EndGlobalSection
	GlobalSection(ExtensibilityGlobals) = postSolution
		SolutionGuid = {DE0E7563-78B5-4388-AABF-197122F09644}
	EndGlobalSection
EndGlobal
